version = 1
revision = 3
requires-python = ">=3.12"

[[package]]
name = "nanoid"
version = "2.0.0"
source = { registry = "https://pypi.org/simple" }
sdist = { url = "https://files.pythonhosted.org/packages/b7/9d/0250bf5935d88e214df469d35eccc0f6ff7e9db046fc8a9aeb4b2a192775/nanoid-2.0.0.tar.gz", hash = "sha256:5a80cad5e9c6e9ae3a41fa2fb34ae189f7cb420b2a5d8f82bd9d23466e4efa68", size = 3290, upload-time = "2018-11-20T14:45:51.578Z" }
wheels = [
    { url = "https://files.pythonhosted.org/packages/2e/0d/8630f13998638dc01e187fadd2e5c6d42d127d08aeb4943d231664d6e539/nanoid-2.0.0-py3-none-any.whl", hash = "sha256:90aefa650e328cffb0893bbd4c236cfd44c48bc1f2d0b525ecc53c3187b653bb", size = 5844, upload-time = "2018-11-20T14:45:50.165Z" },
]

[[package]]
name = "segno"
version = "1.6.6"
source = { registry = "https://pypi.org/simple" }
sdist = { url = "https://files.pythonhosted.org/packages/1c/2e/b396f750c53f570055bf5a9fc1ace09bed2dff013c73b7afec5702a581ba/segno-1.6.6.tar.gz", hash = "sha256:e60933afc4b52137d323a4434c8340e0ce1e58cec71439e46680d4db188f11b3", size = 1628586, upload-time = "2025-03-12T22:12:53.324Z" }
wheels = [
    { url = "https://files.pythonhosted.org/packages/d6/02/12c73fd423eb9577b97fc1924966b929eff7074ae6b2e15dd3d30cb9e4ae/segno-1.6.6-py3-none-any.whl", hash = "sha256:28c7d081ed0cf935e0411293a465efd4d500704072cdb039778a2ab8736190c7", size = 76503, upload-time = "2025-03-12T22:12:48.106Z" },
]

[[package]]
name = "worldsensor"
version = "0.1.0"
source = { virtual = "." }
dependencies = [
    { name = "nanoid" },
    { name = "segno" },
]

[package.metadata]
requires-dist = [
    { name = "nanoid", specifier = ">=2.0.0" },
    { name = "segno", specifier = ">=1.6.6" },
]
